# THIS IS AN AUTOGENERATED FILE. DO NOT EDIT THIS FILE DIRECTLY.
# yarn lockfile v1


"@tonaljs/abc-notation@^4.6.5":
  version "4.6.5"
  resolved "https://registry.yarnpkg.com/@tonaljs/abc-notation/-/abc-notation-4.6.5.tgz#61aaf5eb49ff076ff60872be9e16c92b8c364437"
  integrity sha512-1S0Jnx0NfDLgyhkQOMEHqOacELL6RUdPcWWUP+nAnsOsb9owvB9RKYLSzp5odd16FVUR7U8c/JLc2yxIRvSeJw==
  dependencies:
    "@tonaljs/core" "^4.6.5"

"@tonaljs/array@^4.6.5":
  version "4.6.5"
  resolved "https://registry.yarnpkg.com/@tonaljs/array/-/array-4.6.5.tgz#242f05d98acf758fc27c5a254323d431351606b0"
  integrity sha512-7A3DbBQ+qIQ134FqE518b4tJ8V2a15Sn303JjHzgnqZqKrNh/s3wqwkL60F7LKcd09tcp+vIKQP/MYt4xMcRAA==
  dependencies:
    "@tonaljs/core" "^4.6.5"

"@tonaljs/chord-detect@^4.6.5":
  version "4.6.5"
  resolved "https://registry.yarnpkg.com/@tonaljs/chord-detect/-/chord-detect-4.6.5.tgz#83c40143f98f245198e88dcffa05b56525c0a1d1"
  integrity sha512-4xu53UP4kNTfdTNpAAVijhXcQ+ypJqmeMnsST08ZXSjoYfJUhmf5rWDWfz36KOTtNdCA6AbYgdtTYV/Xw0nd/w==
  dependencies:
    "@tonaljs/chord-type" "^4.6.5"
    "@tonaljs/core" "^4.6.5"
    "@tonaljs/pcset" "^4.6.5"

"@tonaljs/chord-type@^4.6.5":
  version "4.6.5"
  resolved "https://registry.yarnpkg.com/@tonaljs/chord-type/-/chord-type-4.6.5.tgz#11078f16561a50d59d673119eabe31a5c85c6ad9"
  integrity sha512-Ol4DDopqpZCF9odosO2i8I+plud3Ul7VWJGNvL+PPCf4Qnwuz87q3aJQDLNoRUz4VyW0u66mq3LyVh6A8kb6Ug==
  dependencies:
    "@tonaljs/core" "^4.6.5"
    "@tonaljs/pcset" "^4.6.5"

"@tonaljs/chord@^4.6.5":
  version "4.6.5"
  resolved "https://registry.yarnpkg.com/@tonaljs/chord/-/chord-4.6.5.tgz#37ae1a7a2b5cbd0931c80f2ccf3e305a0fa7336a"
  integrity sha512-Pjdel4aDVv4kcx9PW6Qozt5BB9nAt13AOExfzKztpgPmlBSy0SKHse7Jp1cA4MGAuLHU8dzVssTFYpCskEFw3w==
  dependencies:
    "@tonaljs/chord-detect" "^4.6.5"
    "@tonaljs/chord-type" "^4.6.5"
    "@tonaljs/collection" "^4.6.2"
    "@tonaljs/core" "^4.6.5"
    "@tonaljs/pcset" "^4.6.5"
    "@tonaljs/scale-type" "^4.6.5"

"@tonaljs/collection@^4.6.2":
  version "4.6.2"
  resolved "https://registry.yarnpkg.com/@tonaljs/collection/-/collection-4.6.2.tgz#ba055fd0731c3d95ca5737d4e0a37288ee22ce73"
  integrity sha512-bfPCotLJNB/tG1NrdbsQPLDKZB5jlMs7uPQ6RYKiNkaena3345ZKkbCGl5pj6YTXeDm/oblXiSbFAn7SlLRZdQ==

"@tonaljs/core@^4.6.5":
  version "4.6.5"
  resolved "https://registry.yarnpkg.com/@tonaljs/core/-/core-4.6.5.tgz#c00a301dfd939b3c75c71049c2091998d7e31aff"
  integrity sha512-t7Vx0+L3j/ubQj2AhI1H45D/K745np4DwJjJjXNi5FlGD+TL2wyw50dCwkHKGHsrLDqup1qqP6yN7LBpC6UwNg==

"@tonaljs/duration-value@^4.6.2":
  version "4.6.2"
  resolved "https://registry.yarnpkg.com/@tonaljs/duration-value/-/duration-value-4.6.2.tgz#f7d9b7c10cd035007dace88e04cd731915217083"
  integrity sha512-zrXT0L/qsDQ6251Mlqz54vcUbYUB9xb6uJhlxUzc6VauXOt8UOfrdTULubRTXTaBwWt1h8J5n9pXTQmNGzNI9A==

"@tonaljs/interval@^4.6.5":
  version "4.6.5"
  resolved "https://registry.yarnpkg.com/@tonaljs/interval/-/interval-4.6.5.tgz#67f3d12f7123b1c3014e2c06935623cb64fcf730"
  integrity sha512-7EDWhqZ7Nnh9oD4ahRYJHLc799ACGxYL4hDHwMKD16B2MgXqPvDeDvwQ31qUuO0ruGz8tMb3FDlgg0Hplowcbw==
  dependencies:
    "@tonaljs/core" "^4.6.5"

"@tonaljs/key@^4.6.5":
  version "4.6.5"
  resolved "https://registry.yarnpkg.com/@tonaljs/key/-/key-4.6.5.tgz#6f7984c335d87feeb4aacc864a70aaa61c34f6ed"
  integrity sha512-ZdZWb5IStx6CLRmdEjawR66CqNpoW3EVUua2nVZBMdgnNebWxt4nvgH/ZNvGlCQGFZkUZzRhCfTwqsS6e3OmSA==
  dependencies:
    "@tonaljs/core" "^4.6.5"
    "@tonaljs/note" "^4.6.5"
    "@tonaljs/roman-numeral" "^4.6.5"

"@tonaljs/midi@^4.6.5":
  version "4.6.5"
  resolved "https://registry.yarnpkg.com/@tonaljs/midi/-/midi-4.6.5.tgz#e3737db18b38911ad33fea03445e2979a5f2228c"
  integrity sha512-fJEZtNvV3M6yW1w+Tep60Rbv5PvuKszQcQzaJS1Loq5mHOKAzdmRfuJSpEpZBiaKEZ1WAMh1QKXYyOd+imyGQg==
  dependencies:
    "@tonaljs/core" "^4.6.5"

"@tonaljs/mode@^4.6.5":
  version "4.6.5"
  resolved "https://registry.yarnpkg.com/@tonaljs/mode/-/mode-4.6.5.tgz#b6a520095ae4f63f42d0b89cdf5903733882e36b"
  integrity sha512-54iaON1rJ6q8fV5iuei8RGDxYhKBGGxZz3rjAxGSqdTUwBRVOdPqtzOkofThf9gRGYOMhzPp1BMbxbV+UCAPsA==
  dependencies:
    "@tonaljs/collection" "^4.6.2"
    "@tonaljs/core" "^4.6.5"
    "@tonaljs/interval" "^4.6.5"
    "@tonaljs/pcset" "^4.6.5"
    "@tonaljs/scale-type" "^4.6.5"

"@tonaljs/note@^4.6.5":
  version "4.6.5"
  resolved "https://registry.yarnpkg.com/@tonaljs/note/-/note-4.6.5.tgz#0fcfa9cb9086d422d05f871e02c446d48d317ba9"
  integrity sha512-Y0/eTzcReXzfcSLLG4k/dLLayqbvh/XYIkybG/QMDyR0BREuJq0Sw+NavbzhTtO0dadIQb/qfe0GFq4k2xS+NQ==
  dependencies:
    "@tonaljs/core" "^4.6.5"
    "@tonaljs/midi" "^4.6.5"

"@tonaljs/pcset@^4.6.5":
  version "4.6.5"
  resolved "https://registry.yarnpkg.com/@tonaljs/pcset/-/pcset-4.6.5.tgz#3e2e29fdd9b19a3a6efd58a5827bec182be82887"
  integrity sha512-oWAKflP3cREnUfScqsBzg2LLKNevxSnpDtrq8CPtwOAsrAa8PjQG07NQfhqIiFMjPUdgkDiER3qVA1n8dDwAJA==
  dependencies:
    "@tonaljs/collection" "^4.6.2"
    "@tonaljs/core" "^4.6.5"

"@tonaljs/progression@^4.6.5":
  version "4.6.5"
  resolved "https://registry.yarnpkg.com/@tonaljs/progression/-/progression-4.6.5.tgz#16709d49c3c062a134e09878ef3b6dfdacc8e40d"
  integrity sha512-ijYEgMFQG4izHYUw5cRtBRNBuoYzmpGvb/tRiykhJNI6XIjekZEMiMsOMfb1u5q+EGvnVNXRmrluMRDIz2rmRw==
  dependencies:
    "@tonaljs/chord" "^4.6.5"
    "@tonaljs/core" "^4.6.5"
    "@tonaljs/roman-numeral" "^4.6.5"

"@tonaljs/range@^4.6.5":
  version "4.6.5"
  resolved "https://registry.yarnpkg.com/@tonaljs/range/-/range-4.6.5.tgz#41d1950e7f9dd02101c842dd2bb46ab453026453"
  integrity sha512-99cOvVJ3l4X0UJuTSa6qE87JriREnnWIsi3xo1/n7RoqFxnfi8YPh4SfJJyysvHcT18X4EfcTNde9ancMBVu6A==
  dependencies:
    "@tonaljs/collection" "^4.6.2"
    "@tonaljs/midi" "^4.6.5"

"@tonaljs/roman-numeral@^4.6.5":
  version "4.6.5"
  resolved "https://registry.yarnpkg.com/@tonaljs/roman-numeral/-/roman-numeral-4.6.5.tgz#e5ba93c2982c2bb2f3eb03006474a6b944b0891b"
  integrity sha512-bWYQNZWKmYDDcmbQQNwcWAHfTWanpzmvI0wplrMnGd4x0op5etwUEv+Yzjg0B1ef+E+zcU02Sl0WwRJhaDK3hg==
  dependencies:
    "@tonaljs/core" "^4.6.5"

"@tonaljs/scale-type@^4.6.5":
  version "4.6.5"
  resolved "https://registry.yarnpkg.com/@tonaljs/scale-type/-/scale-type-4.6.5.tgz#710930e13e57cbe2490e0aaab92952d8d2db00f1"
  integrity sha512-rwcDOYf2UifjLJhmuQ8f8bJSeOCMDQJ1lB7lzlqdFxes03OeQhdOEfrT0nPtW8BhBEvq4GMM2NA6CLxX8MTwOQ==
  dependencies:
    "@tonaljs/core" "^4.6.5"
    "@tonaljs/pcset" "^4.6.5"

"@tonaljs/scale@^4.6.5":
  version "4.6.5"
  resolved "https://registry.yarnpkg.com/@tonaljs/scale/-/scale-4.6.5.tgz#5ebda7117eddd96f7826b6103212677aae9ae092"
  integrity sha512-isYDamelOBtcd5bEnJ8QV0Js7jKRwZ0FlFVE/+bUN3wsyo9u6KLL5gMyfH9RKdx74m8lE13JXYTXgKqe+AOa4A==
  dependencies:
    "@tonaljs/chord-type" "^4.6.5"
    "@tonaljs/collection" "^4.6.2"
    "@tonaljs/core" "^4.6.5"
    "@tonaljs/note" "^4.6.5"
    "@tonaljs/pcset" "^4.6.5"
    "@tonaljs/scale-type" "^4.6.5"

"@tonaljs/time-signature@^4.6.2":
  version "4.6.2"
  resolved "https://registry.yarnpkg.com/@tonaljs/time-signature/-/time-signature-4.6.2.tgz#be0808363c61863a9b844c35c121952f49987eef"
  integrity sha512-OlZY4gdLd21WpMeAI1nS9E9zWcYU6oAzh6ptAUndqmVnFIrIWIWKCkWapdFx8dWdqrX8jqya3m4T33wmeo7w5Q==

"@tonaljs/tonal@^4.6.5":
  version "4.6.5"
  resolved "https://registry.yarnpkg.com/@tonaljs/tonal/-/tonal-4.6.5.tgz#d254a8eb27e2da88fe3c0b79ca523195bd0716d3"
  integrity sha512-lmsWinI9dy7nQyzCEgDVeVAwJtsk4ey05cJZd6oa4QVuSFD+CR8ebaEiwT4/Na+W0kHrKicT3h0uYc2PJIvx5Q==
  dependencies:
    "@tonaljs/abc-notation" "^4.6.5"
    "@tonaljs/array" "^4.6.5"
    "@tonaljs/chord" "^4.6.5"
    "@tonaljs/chord-type" "^4.6.5"
    "@tonaljs/collection" "^4.6.2"
    "@tonaljs/core" "^4.6.5"
    "@tonaljs/duration-value" "^4.6.2"
    "@tonaljs/interval" "^4.6.5"
    "@tonaljs/key" "^4.6.5"
    "@tonaljs/midi" "^4.6.5"
    "@tonaljs/mode" "^4.6.5"
    "@tonaljs/note" "^4.6.5"
    "@tonaljs/pcset" "^4.6.5"
    "@tonaljs/progression" "^4.6.5"
    "@tonaljs/range" "^4.6.5"
    "@tonaljs/roman-numeral" "^4.6.5"
    "@tonaljs/scale" "^4.6.5"
    "@tonaljs/scale-type" "^4.6.5"
    "@tonaljs/time-signature" "^4.6.2"

"@tonejs/midi@^2.0.28":
  version "2.0.28"
  resolved "https://registry.yarnpkg.com/@tonejs/midi/-/midi-2.0.28.tgz#2fad0f62aa9a95ab0b5f151a6dcf03408f8d5442"
  integrity sha512-RII6YpInPsOZ5t3Si/20QKpNqB1lZ2OCFJSOzJxz38YdY/3zqDr3uaml4JuCWkdixuPqP1/TBnXzhQ39csyoVg==
  dependencies:
    array-flatten "^3.0.0"
    midi-file "^1.2.2"

array-flatten@^3.0.0:
  version "3.0.0"
  resolved "https://registry.yarnpkg.com/array-flatten/-/array-flatten-3.0.0.tgz#6428ca2ee52c7b823192ec600fa3ed2f157cd541"
  integrity sha512-zPMVc3ZYlGLNk4mpK1NzP2wg0ml9t7fUgDsayR5Y5rSzxQilzR9FGu/EH2jQOcKSAeAfWeylyW8juy3OkWRvNA==

esbuild-android-64@0.14.31:
  version "0.14.31"
  resolved "https://registry.yarnpkg.com/esbuild-android-64/-/esbuild-android-64-0.14.31.tgz#4b7dfbbeee62b3495ba78220b85fb590eb68d5bf"
  integrity sha512-MYkuJ91w07nGmr4EouejOZK2j/f5TCnsKxY8vRr2+wpKKfHD1LTJK28VbZa+y1+AL7v1V9G98ezTUwsV3CmXNw==

esbuild-android-arm64@0.14.31:
  version "0.14.31"
  resolved "https://registry.yarnpkg.com/esbuild-android-arm64/-/esbuild-android-arm64-0.14.31.tgz#24c3d693924e044fb0d23206c3e627502b10b930"
  integrity sha512-0rkH/35s7ZVcsw6nS0IAkR0dekSbjZGWdlOAf3jV0lGoPqqw0x6/TmaV9w7DQgUERTH1ApmPlpAMU4kVkCq9Jg==

esbuild-darwin-64@0.14.31:
  version "0.14.31"
  resolved "https://registry.yarnpkg.com/esbuild-darwin-64/-/esbuild-darwin-64-0.14.31.tgz#285fbdb6dc74d4410f43dee59e6a14ebff82a9d7"
  integrity sha512-kP6xPZHxtJa36Hb0jC05L3VzQSZBW2f3bpnQS20czXTRGEmM2GDiYpGdI5g2QYaw6vC4PYXjnigq8usd9g9jnQ==

esbuild-darwin-arm64@0.14.31:
  version "0.14.31"
  resolved "https://registry.yarnpkg.com/esbuild-darwin-arm64/-/esbuild-darwin-arm64-0.14.31.tgz#b39c471a8134ce2c7811eb96fab9c500b256261c"
  integrity sha512-1ZMog4hkNsdBGtDDtsftUqX6S9N52gEx4vX5aVehsSptgoBFIar1XrPiBTQty7YNH+bJasTpSVaZQgElCVvPKQ==

esbuild-freebsd-64@0.14.31:
  version "0.14.31"
  resolved "https://registry.yarnpkg.com/esbuild-freebsd-64/-/esbuild-freebsd-64-0.14.31.tgz#7ca700ef60ae12154bae63094ad41b21c6ae1a23"
  integrity sha512-Zo0BYj7QpVFWoUpkv6Ng0RO2eJ4zk/WDaHMO88+jr5HuYmxsOre0imgwaZVPquTuJnCvL1G48BFucJ3tFflSeQ==

esbuild-freebsd-arm64@0.14.31:
  version "0.14.31"
  resolved "https://registry.yarnpkg.com/esbuild-freebsd-arm64/-/esbuild-freebsd-arm64-0.14.31.tgz#f793085c7184fcd08649b8d185edc5c2ce112e82"
  integrity sha512-t85bS6jbRpmdjr4pdr/FY/fpx8lo1vv9S7BAs2EsXKJQhRDMIiC3QW+k2acYJoRuqirlvJcJVFQGCq/PfyC1kA==

esbuild-linux-32@0.14.31:
  version "0.14.31"
  resolved "https://registry.yarnpkg.com/esbuild-linux-32/-/esbuild-linux-32-0.14.31.tgz#cac97ec7da6fbde0c21dbe08babd0d2a034f317d"
  integrity sha512-XYtOk/GodSkv+UOYVwryGpGPuFnszsMvRMKq6cIUfFfdssHuKDsU9IZveyCG44J106J39ABenQ5EetbYtVJHUw==

esbuild-linux-64@0.14.31:
  version "0.14.31"
  resolved "https://registry.yarnpkg.com/esbuild-linux-64/-/esbuild-linux-64-0.14.31.tgz#ec94cd5228e6777d2feb3c24a1fe1cbf8817d6da"
  integrity sha512-Zf9CZxAxaXWHLqCg/QZ/hs0RU0XV3IBxV+ENQzy00S4QOTnZAvSLgPciILHHrVJ0lPIlb4XzAqlLM5y6iI2LIw==

esbuild-linux-arm64@0.14.31:
  version "0.14.31"
  resolved "https://registry.yarnpkg.com/esbuild-linux-arm64/-/esbuild-linux-arm64-0.14.31.tgz#d119188fccd6384db5c703de24c46dacaee3e9e8"
  integrity sha512-V/H0tv+xpQ9IOHM+o85oCKNNidIEc5CcnDWl0V+hPd2F03dqdbFkWPBGphx8rD4JSQn6UefUQ1iH7y1qIzO8Fw==

esbuild-linux-arm@0.14.31:
  version "0.14.31"
  resolved "https://registry.yarnpkg.com/esbuild-linux-arm/-/esbuild-linux-arm-0.14.31.tgz#63e10846886901e5632a591d44160f95c5d12ba7"
  integrity sha512-RpiaeHPRlgCCDskxoyIsI49BhcDtZ4cl8+SLffizDm0yMNWP538SUg0ezQ2TTOPj3/svaGIbkRDwYtAon0Sjkg==

esbuild-linux-mips64le@0.14.31:
  version "0.14.31"
  resolved "https://registry.yarnpkg.com/esbuild-linux-mips64le/-/esbuild-linux-mips64le-0.14.31.tgz#1cd44f72cde6489a5d6deea7c54efa6f3d6590ee"
  integrity sha512-9/oBfAckInRuUg6AEgdCLLn6KJ6UOJDOLmUinTsReVSg6AfV6wxYQJq9iQM2idRogP7GUpomJ+bvCdWXpotQRQ==

esbuild-linux-ppc64le@0.14.31:
  version "0.14.31"
  resolved "https://registry.yarnpkg.com/esbuild-linux-ppc64le/-/esbuild-linux-ppc64le-0.14.31.tgz#3b5ccc05e5b8ef5c494f30a61fdd27811d2bbeeb"
  integrity sha512-NMcb14Pg+8q8raGkzor9/R3vQwKzgxE3694BtO2SDLBwJuL2C1dQ1ZtM1t7ZvArQBgT8RiZVxb0/3fD+qGNk7g==

esbuild-linux-riscv64@0.14.31:
  version "0.14.31"
  resolved "https://registry.yarnpkg.com/esbuild-linux-riscv64/-/esbuild-linux-riscv64-0.14.31.tgz#d74ca78c8ed1d9b40bc907a9e3ef6e83fc06189c"
  integrity sha512-l13yvmsVfawAnoYfcpuvml+nTlrOmtdceXYufSkXl2DOb0JKcuR6ARlAzuQCDcpo49SOJy1cCxpwlOIsUQBfzA==

esbuild-linux-s390x@0.14.31:
  version "0.14.31"
  resolved "https://registry.yarnpkg.com/esbuild-linux-s390x/-/esbuild-linux-s390x-0.14.31.tgz#1bd547b8b027e323b77a838d265cb56ece2543af"
  integrity sha512-GIwV9mY3koYja9MCSkKLk1P7rj+MkPV0UsGsZ575hEcIBrXeKN9jBi6X/bxDDPEN/SUAH35cJhBNrZU4x9lEfg==

esbuild-netbsd-64@0.14.31:
  version "0.14.31"
  resolved "https://registry.yarnpkg.com/esbuild-netbsd-64/-/esbuild-netbsd-64-0.14.31.tgz#964a45dbad4fac92aa0a15056e38a182735bd6c6"
  integrity sha512-bJ+pyLvKQm+Obp5k7/Wk8e9Gdkls56F1aiI3uptoIfOIUqsZImH7pDyTrSufwqsFp62kO9LRuwXnjDwQtPyhFQ==

esbuild-openbsd-64@0.14.31:
  version "0.14.31"
  resolved "https://registry.yarnpkg.com/esbuild-openbsd-64/-/esbuild-openbsd-64-0.14.31.tgz#7d2a1d46450321b0459263d3e7072e6d3924ce46"
  integrity sha512-NRAAPPca05H9j9Xab0kVXK0V6/pyZGGy8d2Y8KS0BMwWEydlD4KCJDmH8/7bWCKYLRGOOCE9/GPBJyPWHFW3sg==

esbuild-sunos-64@0.14.31:
  version "0.14.31"
  resolved "https://registry.yarnpkg.com/esbuild-sunos-64/-/esbuild-sunos-64-0.14.31.tgz#3b3e4363951cd1dda14a14fee6d94ca426108e0c"
  integrity sha512-9uA+V8w9Eehu4ldb95lPWdgCMcMO5HH6pXmfkk5usn3JsSZxKdLKsXB4hYgP80wscZvVYXJl2G+KNxsUTfPhZw==

esbuild-windows-32@0.14.31:
  version "0.14.31"
  resolved "https://registry.yarnpkg.com/esbuild-windows-32/-/esbuild-windows-32-0.14.31.tgz#997026a41c04535bfb7c014a0458940b49145820"
  integrity sha512-VGdncQTqoxD9q3v/dk0Yugbmx2FzOkcs0OemBYc1X9KXOLQYH0uQbLJIckZdZOC3J+JKSExbYFrzYCOwWPuNyA==

esbuild-windows-64@0.14.31:
  version "0.14.31"
  resolved "https://registry.yarnpkg.com/esbuild-windows-64/-/esbuild-windows-64-0.14.31.tgz#5d4b0ea686c9b60036303b3415c472f2761bdafc"
  integrity sha512-v/2ye5zBqpmCzi3bLCagStbNQlnOsY7WtMrD2Q0xZxeSIXONxji15KYtVee5o7nw4lXWbQSS1BL8G6BBMvtq4A==

esbuild-windows-arm64@0.14.31:
  version "0.14.31"
  resolved "https://registry.yarnpkg.com/esbuild-windows-arm64/-/esbuild-windows-arm64-0.14.31.tgz#4f3b9fc34c4a33abbd0171df6cbb657ccbdbfc67"
  integrity sha512-RXeU42FJoG1sriNHg73h4S+5B7L/gw+8T7U9u8IWqSSEbY6fZvBh4uofugiU1szUDqqP00GHwZ09WgYe3lGZiw==

esbuild@^0.14.27:
  version "0.14.31"
  resolved "https://registry.yarnpkg.com/esbuild/-/esbuild-0.14.31.tgz#f7d0db114edc615f66d84972ee9fbd2b267f4029"
  integrity sha512-QA0fUM13+JZzcvg1bdrhi7wo8Lr5IRHA9ypNn2znqxGqb66dSK6pAh01TjyBOhzZGazPQJZ1K26VrCAQJ715qA==
  optionalDependencies:
    esbuild-android-64 "0.14.31"
    esbuild-android-arm64 "0.14.31"
    esbuild-darwin-64 "0.14.31"
    esbuild-darwin-arm64 "0.14.31"
    esbuild-freebsd-64 "0.14.31"
    esbuild-freebsd-arm64 "0.14.31"
    esbuild-linux-32 "0.14.31"
    esbuild-linux-64 "0.14.31"
    esbuild-linux-arm "0.14.31"
    esbuild-linux-arm64 "0.14.31"
    esbuild-linux-mips64le "0.14.31"
    esbuild-linux-ppc64le "0.14.31"
    esbuild-linux-riscv64 "0.14.31"
    esbuild-linux-s390x "0.14.31"
    esbuild-netbsd-64 "0.14.31"
    esbuild-openbsd-64 "0.14.31"
    esbuild-sunos-64 "0.14.31"
    esbuild-windows-32 "0.14.31"
    esbuild-windows-64 "0.14.31"
    esbuild-windows-arm64 "0.14.31"

fsevents@~2.3.2:
  version "2.3.2"
  resolved "https://registry.yarnpkg.com/fsevents/-/fsevents-2.3.2.tgz#8a526f78b8fdf4623b709e0b975c52c24c02fd1a"
  integrity sha512-xiqMQR4xAeHTuB9uWm+fFRcIOgKBMiOBP+eXiyT7jsgVCq1bkVygt00oASowB7EdtpOHaaPgKt812P9ab+DDKA==

function-bind@^1.1.1:
  version "1.1.1"
  resolved "https://registry.yarnpkg.com/function-bind/-/function-bind-1.1.1.tgz#a56899d3ea3c9bab874bb9773b7c5ede92f4895d"
  integrity sha512-yIovAzMX49sF8Yl58fSCWJ5svSLuaibPxXQJFLmBObTuCr0Mf1KiPopGM9NiFjiYBCbfaa2Fh6breQ6ANVTI0A==

has@^1.0.3:
  version "1.0.3"
  resolved "https://registry.yarnpkg.com/has/-/has-1.0.3.tgz#722d7cbfc1f6aa8241f16dd814e011e1f41e8796"
  integrity sha512-f2dvO0VU6Oej7RkWJGrehjbzMAjFp5/VKPp5tTpWIV4JHHZK1/BxbFRtf/siA2SWTe09caDmVtYYzWEIbBS4zw==
  dependencies:
    function-bind "^1.1.1"

is-core-module@^2.8.1:
  version "2.8.1"
  resolved "https://registry.yarnpkg.com/is-core-module/-/is-core-module-2.8.1.tgz#f59fdfca701d5879d0a6b100a40aa1560ce27211"
  integrity sha512-SdNCUs284hr40hFTFP6l0IfZ/RSrMXF3qgoRHd3/79unUTvrFO/JoXwkGm+5J/Oe3E/b5GsnG330uUNgRpu1PA==
  dependencies:
    has "^1.0.3"

midi-file@^1.2.2:
  version "1.2.2"
  resolved "https://registry.yarnpkg.com/midi-file/-/midi-file-1.2.2.tgz#922745440f0061ed57bbe85e60fda504e9caab96"
  integrity sha512-y737hkfHxMikRGzBM22wtyFCo8Pt0jFFiNv7blxY6XF0Rugt8DDE97QzQ0DbJpDd8MyuT6m0ziW1rTStFNrLHw==

nanoid@^3.3.1:
  version "3.3.2"
  resolved "https://registry.yarnpkg.com/nanoid/-/nanoid-3.3.2.tgz#c89622fafb4381cd221421c69ec58547a1eec557"
  integrity sha512-CuHBogktKwpm5g2sRgv83jEy2ijFzBwMoYA60orPDR7ynsLijJDqgsi4RDGj3OJpy3Ieb+LYwiRmIOGyytgITA==

path-parse@^1.0.7:
  version "1.0.7"
  resolved "https://registry.yarnpkg.com/path-parse/-/path-parse-1.0.7.tgz#fbc114b60ca42b30d9daf5858e4bd68bbedb6735"
  integrity sha512-LDJzPVEEEPR+y48z93A0Ed0yXb8pAByGWo/k5YYdYgpY2/2EsOsksJrq7lOHxryrVOn1ejG6oAp8ahvOIQD8sw==

picocolors@^1.0.0:
  version "1.0.0"
  resolved "https://registry.yarnpkg.com/picocolors/-/picocolors-1.0.0.tgz#cb5bdc74ff3f51892236eaf79d68bc44564ab81c"
  integrity sha512-1fygroTLlHu66zi26VoTDv8yRgm0Fccecssto+MhsZ0D/DGW2sm8E8AjW7NU5VVTRt5GxbeZ5qBuJr+HyLYkjQ==

postcss@^8.4.12:
  version "8.4.12"
  resolved "https://registry.yarnpkg.com/postcss/-/postcss-8.4.12.tgz#1e7de78733b28970fa4743f7da6f3763648b1905"
  integrity sha512-lg6eITwYe9v6Hr5CncVbK70SoioNQIq81nsaG86ev5hAidQvmOeETBqs7jm43K2F5/Ley3ytDtriImV6TpNiSg==
  dependencies:
    nanoid "^3.3.1"
    picocolors "^1.0.0"
    source-map-js "^1.0.2"

resolve@^1.22.0:
  version "1.22.0"
  resolved "https://registry.yarnpkg.com/resolve/-/resolve-1.22.0.tgz#5e0b8c67c15df57a89bdbabe603a002f21731198"
  integrity sha512-Hhtrw0nLeSrFQ7phPp4OOcVjLPIeMnRlr5mcnVuMe7M/7eBn98A3hmFRLoFo3DLZkivSYwhRUJTyPyWAk56WLw==
  dependencies:
    is-core-module "^2.8.1"
    path-parse "^1.0.7"
    supports-preserve-symlinks-flag "^1.0.0"

rollup@^2.59.0:
  version "2.70.1"
  resolved "https://registry.yarnpkg.com/rollup/-/rollup-2.70.1.tgz#824b1f1f879ea396db30b0fc3ae8d2fead93523e"
  integrity sha512-CRYsI5EuzLbXdxC6RnYhOuRdtz4bhejPMSWjsFLfVM/7w/85n2szZv6yExqUXsBdz5KT8eoubeyDUDjhLHEslA==
  optionalDependencies:
    fsevents "~2.3.2"

source-map-js@^1.0.2:
  version "1.0.2"
  resolved "https://registry.yarnpkg.com/source-map-js/-/source-map-js-1.0.2.tgz#adbc361d9c62df380125e7f161f71c826f1e490c"
  integrity sha512-R0XvVJ9WusLiqTCEiGCmICCMplcCkIwwR11mOSD9CR5u+IXYdiseeEuXCVAjS54zqwkLcPNnmU4OeJ6tUrWhDw==

supports-preserve-symlinks-flag@^1.0.0:
  version "1.0.0"
  resolved "https://registry.yarnpkg.com/supports-preserve-symlinks-flag/-/supports-preserve-symlinks-flag-1.0.0.tgz#6eda4bd344a3c94aea376d4cc31bc77311039e09"
  integrity sha512-ot0WnXS9fgdkgIcePe6RHNk1WA8+muPa6cSjeR3V8K27q9BB1rTE3R1p7Hv0z1ZyAc8s6Vvv8DIyWf681MAt0w==

vite@^2.9.0:
  version "2.9.1"
  resolved "https://registry.yarnpkg.com/vite/-/vite-2.9.1.tgz#84bce95fae210a7beb566a0af06246748066b48f"
  integrity sha512-vSlsSdOYGcYEJfkQ/NeLXgnRv5zZfpAsdztkIrs7AZHV8RCMZQkwjo4DS5BnrYTqoWqLoUe1Cah4aVO4oNNqCQ==
  dependencies:
    esbuild "^0.14.27"
    postcss "^8.4.12"
    resolve "^1.22.0"
    rollup "^2.59.0"
  optionalDependencies:
    fsevents "~2.3.2"
